
Microsoft Visual Studio Solution File, Format Version 12.00
# Visual Studio Version 17
VisualStudioVersion = 17.9.34622.214
MinimumVisualStudioVersion = 10.0.40219.1
Project("{FAE04EC0-301F-11D3-BF4B-00C04F79EFBC}") = "Searchy", "Searchy.csproj", "{880FF334-E048-42B5-A81F-EC695FCAC57E}"
EndProject
Global
	GlobalSection(SolutionConfigurationPlatforms) = preSolution
		Debug|Any CPU = Debug|Any CPU
		Release|Any CPU = Release|Any CPU
	EndGlobalSection
	GlobalSection(ProjectConfigurationPlatforms) = postSolution
		{880FF334-E048-42B5-A81F-EC695FCAC57E}.Debug|Any CPU.ActiveCfg = Debug|Any CPU
		{880FF334-E048-42B5-A81F-EC695FCAC57E}.Debug|Any CPU.Build.0 = Debug|Any CPU
		{880FF334-E048-42B5-A81F-EC695FCAC57E}.Release|Any CPU.ActiveCfg = Release|Any CPU
		{880FF334-E048-42B5-A81F-EC695FCAC57E}.Release|Any CPU.Build.0 = Release|Any CPU
	EndGlobalSection
	GlobalSection(SolutionProperties) = preSolution
		HideSolutionNode = FALSE
	EndGlobalSection
	GlobalSection(ExtensibilityGlobals) = postSolution
		SolutionGuid = {9FC3F7F6-7697-4379-89C0-28F35DC5A111}
	EndGlobalSection
EndGlobal
